
Microsoft Visual Studio Solution File, Format Version 12.00
# Visual Studio Express 2013 for Windows Desktop
VisualStudioVersion = 12.0.30723.0
MinimumVisualStudioVersion = 10.0.40219.1
Project("{FAE04EC0-301F-11D3-BF4B-00C04F79EFBC}") = "SlowMonkey.Tasks", "SlowMonkey.Tasks\SlowMonkey.Tasks.csproj", "{771D3D7F-5724-4EE2-A4D6-CD6A9B7A6E22}"
EndProject
Project("{2150E333-8FDC-42A3-9474-1A3956D46DE8}") = ".nuget", ".nuget", "{A03FFDEF-FDE8-41EA-8D3D-0313E607E322}"
	ProjectSection(SolutionItems) = preProject
		.nuget\NuGet.Config = .nuget\NuGet.Config
		.nuget\NuGet.exe = .nuget\NuGet.exe
		.nuget\NuGet.targets = .nuget\NuGet.targets
	EndProjectSection
EndProject
Global
	GlobalSection(SolutionConfigurationPlatforms) = preSolution
		Debug|Any CPU = Debug|Any CPU
		Release|Any CPU = Release|Any CPU
	EndGlobalSection
	GlobalSection(ProjectConfigurationPlatforms) = postSolution
		{771D3D7F-5724-4EE2-A4D6-CD6A9B7A6E22}.Debug|Any CPU.ActiveCfg = Debug|Any CPU
		{771D3D7F-5724-4EE2-A4D6-CD6A9B7A6E22}.Debug|Any CPU.Build.0 = Debug|Any CPU
		{771D3D7F-5724-4EE2-A4D6-CD6A9B7A6E22}.Release|Any CPU.ActiveCfg = Release|Any CPU
		{771D3D7F-5724-4EE2-A4D6-CD6A9B7A6E22}.Release|Any CPU.Build.0 = Release|Any CPU
	EndGlobalSection
	GlobalSection(SolutionProperties) = preSolution
		HideSolutionNode = FALSE
	EndGlobalSection
EndGlobal
